
Microsoft Visual Studio Solution File, Format Version 12.00
# Visual Studio 2012
Project("{FAE04EC0-301F-11D3-BF4B-00C04F79EFBC}") = "Workbooster.ObjectDbMapper", "Workbooster.ObjectDbMapper\Workbooster.ObjectDbMapper.csproj", "{C7B5904C-2C26-4DAF-8AD4-8BF9FB259552}"
EndProject
Project("{FAE04EC0-301F-11D3-BF4B-00C04F79EFBC}") = "Workbooster.ObjectDbMapper.Test", "Workbooster.ObjectDbMapper.Test\Workbooster.ObjectDbMapper.Test.csproj", "{E19BC914-8FEA-4523-AFF1-BE20A109840F}"
EndProject
Global
	GlobalSection(SolutionConfigurationPlatforms) = preSolution
		Debug|Any CPU = Debug|Any CPU
		Release|Any CPU = Release|Any CPU
	EndGlobalSection
	GlobalSection(ProjectConfigurationPlatforms) = postSolution
		{C7B5904C-2C26-4DAF-8AD4-8BF9FB259552}.Debug|Any CPU.ActiveCfg = Debug|Any CPU
		{C7B5904C-2C26-4DAF-8AD4-8BF9FB259552}.Debug|Any CPU.Build.0 = Debug|Any CPU
		{C7B5904C-2C26-4DAF-8AD4-8BF9FB259552}.Release|Any CPU.ActiveCfg = Release|Any CPU
		{C7B5904C-2C26-4DAF-8AD4-8BF9FB259552}.Release|Any CPU.Build.0 = Release|Any CPU
		{E19BC914-8FEA-4523-AFF1-BE20A109840F}.Debug|Any CPU.ActiveCfg = Debug|Any CPU
		{E19BC914-8FEA-4523-AFF1-BE20A109840F}.Debug|Any CPU.Build.0 = Debug|Any CPU
		{E19BC914-8FEA-4523-AFF1-BE20A109840F}.Release|Any CPU.ActiveCfg = Release|Any CPU
		{E19BC914-8FEA-4523-AFF1-BE20A109840F}.Release|Any CPU.Build.0 = Release|Any CPU
	EndGlobalSection
	GlobalSection(SolutionProperties) = preSolution
		HideSolutionNode = FALSE
	EndGlobalSection
EndGlobal
